{
  "version": 4,
  "terraform_version": "1.1.7",
  "serial": 37,
  "lineage": "be9bc992-fed4-3713-76dc-84aa2bccead8",
  "outputs": {
    "external_ip_address_app": {
      "value": "51.250.83.21",
      "type": "string"
    },
    "external_ip_address_db": {
      "value": "51.250.67.191",
      "type": "string"
    }
  },
  "resources": [
    {
      "module": "module.app",
      "mode": "managed",
      "type": "yandex_compute_instance",
      "name": "app",
      "provider": "provider[\"registry.terraform.io/yandex-cloud/yandex\"]",
      "instances": [
        {
          "schema_version": 1,
          "attributes": {
            "allow_stopping_for_update": null,
            "boot_disk": [
              {
                "auto_delete": true,
                "device_name": "fhmnqe33htbf16k4l2ug",
                "disk_id": "fhmnqe33htbf16k4l2ug",
                "initialize_params": [
                  {
                    "block_size": 4096,
                    "description": "",
                    "image_id": "fd8u53sq457630st20ge",
                    "name": "",
                    "size": 10,
                    "snapshot_id": "",
                    "type": "network-hdd"
                  }
                ],
                "mode": "READ_WRITE"
              }
            ],
            "created_at": "2022-04-17T07:09:02Z",
            "description": "",
            "folder_id": "b1gndlav8ernrfljukjc",
            "fqdn": "fhmka70cpehoq3ek6b69.auto.internal",
            "hostname": "fhmka70cpehoq3ek6b69",
            "id": "fhmka70cpehoq3ek6b69",
            "labels": {
              "tags": "reddit-app"
            },
            "metadata": {
              "ssh-keys": "ubuntu:ssh-rsa AAAAB3NzaC1yc2EAAAADAQABAAABgQDF2mYKeQjc/PefOK32jGkBnyge055l0ov8xoLYnylBkVcupsLUu3bJPgoFqRSVi3/8S/og8i4XAmwHv/aQptJ1SZN7WsqUXsgFSKow2LRlH6uQycp4YZuqNstwkOJGQPNtMa1bMMHzsOE7EEE45LEbVXaE7rOpxUOU2/sFjZwZstVlnI/SMBcODpC6xNgQh8Lrb8qwUTCaXJfBwnQBkmpOPcfFCNnPQQUZwswgt4k++2vDzwxBsi4EsQMFlEJDfe+q4pnnT2GT6WabnteaROGM+Y9OlBzenaXLUH6SXS+1i7xrxdSUfLHeSoYMzPjPctJZ9r9etWC9nKtTAvG7C5Av9oT2bzoeqbsQd1nHZIbDy4kt1FSY/ZfcbqgCrLfbu8nggO64cBGK6a/C0rpw1/x5hxgf14lSFdRjjblZx6eD+gg9Tdkp5XoglLQTkj59mfIX3uOodlVHoUag+YoQgUMZ9w5Su6M2nXdLLx+n6y0Dt7iHvhVmbj/ezXIQ3s6JmKc= ubuntu\n"
            },
            "name": "reddit-app",
            "network_acceleration_type": "standard",
            "network_interface": [
              {
                "dns_record": [],
                "index": 0,
                "ip_address": "10.128.0.24",
                "ipv4": true,
                "ipv6": false,
                "ipv6_address": "",
                "ipv6_dns_record": [],
                "mac_address": "d0:0d:14:51:c0:cc",
                "nat": true,
                "nat_dns_record": [],
                "nat_ip_address": "51.250.83.21",
                "nat_ip_version": "IPV4",
                "security_group_ids": [],
                "subnet_id": "e9bdp16t4l1iq71pgq5s"
              }
            ],
            "placement_policy": [
              {
                "host_affinity_rules": [],
                "placement_group_id": ""
              }
            ],
            "platform_id": "standard-v1",
            "resources": [
              {
                "core_fraction": 100,
                "cores": 2,
                "gpus": 0,
                "memory": 2
              }
            ],
            "scheduling_policy": [
              {
                "preemptible": false
              }
            ],
            "secondary_disk": [],
            "service_account_id": "",
            "status": "running",
            "timeouts": null,
            "zone": "ru-central1-a"
          },
          "sensitive_attributes": [],
          "private": "eyJlMmJmYjczMC1lY2FhLTExZTYtOGY4OC0zNDM2M2JjN2M0YzAiOnsiY3JlYXRlIjozMDAwMDAwMDAwMDAsImRlbGV0ZSI6MzAwMDAwMDAwMDAwLCJ1cGRhdGUiOjMwMDAwMDAwMDAwMH0sInNjaGVtYV92ZXJzaW9uIjoiMSJ9"
        }
      ]
    },
    {
      "module": "module.db",
      "mode": "managed",
      "type": "yandex_compute_instance",
      "name": "db",
      "provider": "provider[\"registry.terraform.io/yandex-cloud/yandex\"]",
      "instances": [
        {
          "schema_version": 1,
          "attributes": {
            "allow_stopping_for_update": null,
            "boot_disk": [
              {
                "auto_delete": true,
                "device_name": "fhmm0k4hfjfk3ffpqq4g",
                "disk_id": "fhmm0k4hfjfk3ffpqq4g",
                "initialize_params": [
                  {
                    "block_size": 4096,
                    "description": "",
                    "image_id": "fd8len7okijmcqtd1vcc",
                    "name": "",
                    "size": 10,
                    "snapshot_id": "",
                    "type": "network-hdd"
                  }
                ],
                "mode": "READ_WRITE"
              }
            ],
            "created_at": "2022-04-17T07:09:02Z",
            "description": "",
            "folder_id": "b1gndlav8ernrfljukjc",
            "fqdn": "fhm8ug56ocda7merd8js.auto.internal",
            "hostname": "fhm8ug56ocda7merd8js",
            "id": "fhm8ug56ocda7merd8js",
            "labels": {
              "tags": "reddit-db"
            },
            "metadata": {
              "ssh-keys": "ubuntu:ssh-rsa AAAAB3NzaC1yc2EAAAADAQABAAABgQDF2mYKeQjc/PefOK32jGkBnyge055l0ov8xoLYnylBkVcupsLUu3bJPgoFqRSVi3/8S/og8i4XAmwHv/aQptJ1SZN7WsqUXsgFSKow2LRlH6uQycp4YZuqNstwkOJGQPNtMa1bMMHzsOE7EEE45LEbVXaE7rOpxUOU2/sFjZwZstVlnI/SMBcODpC6xNgQh8Lrb8qwUTCaXJfBwnQBkmpOPcfFCNnPQQUZwswgt4k++2vDzwxBsi4EsQMFlEJDfe+q4pnnT2GT6WabnteaROGM+Y9OlBzenaXLUH6SXS+1i7xrxdSUfLHeSoYMzPjPctJZ9r9etWC9nKtTAvG7C5Av9oT2bzoeqbsQd1nHZIbDy4kt1FSY/ZfcbqgCrLfbu8nggO64cBGK6a/C0rpw1/x5hxgf14lSFdRjjblZx6eD+gg9Tdkp5XoglLQTkj59mfIX3uOodlVHoUag+YoQgUMZ9w5Su6M2nXdLLx+n6y0Dt7iHvhVmbj/ezXIQ3s6JmKc= ubuntu\n"
            },
            "name": "reddit-db",
            "network_acceleration_type": "standard",
            "network_interface": [
              {
                "dns_record": [],
                "index": 0,
                "ip_address": "10.128.0.9",
                "ipv4": true,
                "ipv6": false,
                "ipv6_address": "",
                "ipv6_dns_record": [],
                "mac_address": "d0:0d:8f:40:a6:c3",
                "nat": true,
                "nat_dns_record": [],
                "nat_ip_address": "51.250.67.191",
                "nat_ip_version": "IPV4",
                "security_group_ids": [],
                "subnet_id": "e9bdp16t4l1iq71pgq5s"
              }
            ],
            "placement_policy": [
              {
                "host_affinity_rules": [],
                "placement_group_id": ""
              }
            ],
            "platform_id": "standard-v1",
            "resources": [
              {
                "core_fraction": 100,
                "cores": 2,
                "gpus": 0,
                "memory": 2
              }
            ],
            "scheduling_policy": [
              {
                "preemptible": false
              }
            ],
            "secondary_disk": [],
            "service_account_id": "",
            "status": "running",
            "timeouts": null,
            "zone": "ru-central1-a"
          },
          "sensitive_attributes": [],
          "private": "eyJlMmJmYjczMC1lY2FhLTExZTYtOGY4OC0zNDM2M2JjN2M0YzAiOnsiY3JlYXRlIjozMDAwMDAwMDAwMDAsImRlbGV0ZSI6MzAwMDAwMDAwMDAwLCJ1cGRhdGUiOjMwMDAwMDAwMDAwMH0sInNjaGVtYV92ZXJzaW9uIjoiMSJ9"
        }
      ]
    }
  ]
}
